
Microsoft Visual Studio Solution File, Format Version 12.00
# Visual Studio Version 16
VisualStudioVersion = 16.0.29123.89
MinimumVisualStudioVersion = 10.0.40219.1
Project("{9A19103F-16F7-4668-BE54-9A1E7A4F7556}") = "Emulator.GB.Core", "Emulator.GB.Core\Emulator.GB.Core.csproj", "{CA39D0D1-763D-436E-99EF-9D59E0CE532A}"
EndProject
Project("{FAE04EC0-301F-11D3-BF4B-00C04F79EFBC}") = "Emulator.GB.Core.Tests", "Emulator.GB.Core.Tests\Emulator.GB.Core.Tests.csproj", "{CFFF64E4-0F0B-4BC4-82FC-CAD9FC3307BB}"
EndProject
Project("{9A19103F-16F7-4668-BE54-9A1E7A4F7556}") = "Emulator.GB.Interfaces", "Emulator.GB.Interfaces\Emulator.GB.Interfaces.csproj", "{CD73C027-BC7D-442D-BEF7-36FCE13827B6}"
EndProject
Project("{2150E333-8FDC-42A3-9474-1A3956D46DE8}") = "Docs", "Docs", "{4481EBC2-0473-463C-96B6-B57008415C92}"
	ProjectSection(SolutionItems) = preProject
		Docs\emuprog.pdf = Docs\emuprog.pdf
		Docs\GBC specs.htm = Docs\GBC specs.htm
		Docs\gbcprimer.doc = Docs\gbcprimer.doc
		Docs\GBCPUman.pdf = Docs\GBCPUman.pdf
		Docs\GBCribSheet000129.pdf = Docs\GBCribSheet000129.pdf
	EndProjectSection
EndProject
Project("{9A19103F-16F7-4668-BE54-9A1E7A4F7556}") = "WpfApp1", "WpfApp1\WpfApp1.csproj", "{51BDE30C-41E5-4676-B1F0-BF7B8FBCC97E}"
EndProject
Project("{FAE04EC0-301F-11D3-BF4B-00C04F79EFBC}") = "Emulator.GB.Core.Tests.New", "Emulator.GB.Core.Tests.New\Emulator.GB.Core.Tests.New.csproj", "{3326D023-755D-46C0-BD0B-186BF1F20FC1}"
EndProject
Global
	GlobalSection(SolutionConfigurationPlatforms) = preSolution
		Debug|Any CPU = Debug|Any CPU
		Release|Any CPU = Release|Any CPU
	EndGlobalSection
	GlobalSection(ProjectConfigurationPlatforms) = postSolution
		{CA39D0D1-763D-436E-99EF-9D59E0CE532A}.Debug|Any CPU.ActiveCfg = Debug|Any CPU
		{CA39D0D1-763D-436E-99EF-9D59E0CE532A}.Debug|Any CPU.Build.0 = Debug|Any CPU
		{CA39D0D1-763D-436E-99EF-9D59E0CE532A}.Release|Any CPU.ActiveCfg = Release|Any CPU
		{CA39D0D1-763D-436E-99EF-9D59E0CE532A}.Release|Any CPU.Build.0 = Release|Any CPU
		{CFFF64E4-0F0B-4BC4-82FC-CAD9FC3307BB}.Debug|Any CPU.ActiveCfg = Debug|Any CPU
		{CFFF64E4-0F0B-4BC4-82FC-CAD9FC3307BB}.Debug|Any CPU.Build.0 = Debug|Any CPU
		{CFFF64E4-0F0B-4BC4-82FC-CAD9FC3307BB}.Release|Any CPU.ActiveCfg = Release|Any CPU
		{CFFF64E4-0F0B-4BC4-82FC-CAD9FC3307BB}.Release|Any CPU.Build.0 = Release|Any CPU
		{CD73C027-BC7D-442D-BEF7-36FCE13827B6}.Debug|Any CPU.ActiveCfg = Debug|Any CPU
		{CD73C027-BC7D-442D-BEF7-36FCE13827B6}.Debug|Any CPU.Build.0 = Debug|Any CPU
		{CD73C027-BC7D-442D-BEF7-36FCE13827B6}.Release|Any CPU.ActiveCfg = Release|Any CPU
		{CD73C027-BC7D-442D-BEF7-36FCE13827B6}.Release|Any CPU.Build.0 = Release|Any CPU
		{51BDE30C-41E5-4676-B1F0-BF7B8FBCC97E}.Debug|Any CPU.ActiveCfg = Debug|Any CPU
		{51BDE30C-41E5-4676-B1F0-BF7B8FBCC97E}.Debug|Any CPU.Build.0 = Debug|Any CPU
		{51BDE30C-41E5-4676-B1F0-BF7B8FBCC97E}.Release|Any CPU.ActiveCfg = Release|Any CPU
		{51BDE30C-41E5-4676-B1F0-BF7B8FBCC97E}.Release|Any CPU.Build.0 = Release|Any CPU
		{3326D023-755D-46C0-BD0B-186BF1F20FC1}.Debug|Any CPU.ActiveCfg = Debug|Any CPU
		{3326D023-755D-46C0-BD0B-186BF1F20FC1}.Debug|Any CPU.Build.0 = Debug|Any CPU
		{3326D023-755D-46C0-BD0B-186BF1F20FC1}.Release|Any CPU.ActiveCfg = Release|Any CPU
		{3326D023-755D-46C0-BD0B-186BF1F20FC1}.Release|Any CPU.Build.0 = Release|Any CPU
	EndGlobalSection
	GlobalSection(SolutionProperties) = preSolution
		HideSolutionNode = FALSE
	EndGlobalSection
	GlobalSection(ExtensibilityGlobals) = postSolution
		SolutionGuid = {37804A8B-95F7-463D-A136-CF883C433BD2}
	EndGlobalSection
EndGlobal
