
Microsoft Visual Studio Solution File, Format Version 12.00
# Visual Studio 15
VisualStudioVersion = 15.0.25428.1
MinimumVisualStudioVersion = 10.0.40219.1
Project("{FAE04EC0-301F-11D3-BF4B-00C04F79EFBC}") = "Emulator.GB.Core", "Emulator.GB.Core\Emulator.GB.Core.csproj", "{CA39D0D1-763D-436E-99EF-9D59E0CE532A}"
EndProject
Project("{FAE04EC0-301F-11D3-BF4B-00C04F79EFBC}") = "Emulator.GB.Core.Tests", "Emulator.GB.Core.Tests\Emulator.GB.Core.Tests.csproj", "{CFFF64E4-0F0B-4BC4-82FC-CAD9FC3307BB}"
EndProject
Project("{FAE04EC0-301F-11D3-BF4B-00C04F79EFBC}") = "Emulator.GB.Interfaces", "Emulator.GB.Interfaces\Emulator.GB.Interfaces.csproj", "{CD73C027-BC7D-442D-BEF7-36FCE13827B6}"
EndProject
Global
	GlobalSection(SolutionConfigurationPlatforms) = preSolution
		Debug|Any CPU = Debug|Any CPU
		Release|Any CPU = Release|Any CPU
	EndGlobalSection
	GlobalSection(ProjectConfigurationPlatforms) = postSolution
		{CA39D0D1-763D-436E-99EF-9D59E0CE532A}.Debug|Any CPU.ActiveCfg = Debug|Any CPU
		{CA39D0D1-763D-436E-99EF-9D59E0CE532A}.Debug|Any CPU.Build.0 = Debug|Any CPU
		{CA39D0D1-763D-436E-99EF-9D59E0CE532A}.Release|Any CPU.ActiveCfg = Release|Any CPU
		{CA39D0D1-763D-436E-99EF-9D59E0CE532A}.Release|Any CPU.Build.0 = Release|Any CPU
		{CFFF64E4-0F0B-4BC4-82FC-CAD9FC3307BB}.Debug|Any CPU.ActiveCfg = Debug|Any CPU
		{CFFF64E4-0F0B-4BC4-82FC-CAD9FC3307BB}.Debug|Any CPU.Build.0 = Debug|Any CPU
		{CFFF64E4-0F0B-4BC4-82FC-CAD9FC3307BB}.Release|Any CPU.ActiveCfg = Release|Any CPU
		{CFFF64E4-0F0B-4BC4-82FC-CAD9FC3307BB}.Release|Any CPU.Build.0 = Release|Any CPU
		{CD73C027-BC7D-442D-BEF7-36FCE13827B6}.Debug|Any CPU.ActiveCfg = Debug|Any CPU
		{CD73C027-BC7D-442D-BEF7-36FCE13827B6}.Debug|Any CPU.Build.0 = Debug|Any CPU
		{CD73C027-BC7D-442D-BEF7-36FCE13827B6}.Release|Any CPU.ActiveCfg = Release|Any CPU
		{CD73C027-BC7D-442D-BEF7-36FCE13827B6}.Release|Any CPU.Build.0 = Release|Any CPU
	EndGlobalSection
	GlobalSection(SolutionProperties) = preSolution
		HideSolutionNode = FALSE
	EndGlobalSection
EndGlobal
